
Microsoft Visual Studio Solution File, Format Version 12.00
# Visual Studio Version 17
VisualStudioVersion = 17.14.36221.1 d17.14
MinimumVisualStudioVersion = 10.0.40219.1
Project("{FAE04EC0-301F-11D3-BF4B-00C04F79EFBC}") = "Ricoh6502", "Ricoh6502\Ricoh6502.csproj", "{D4126348-F160-4EFD-89FC-25C09F716D44}"
EndProject
Global
	GlobalSection(SolutionConfigurationPlatforms) = preSolution
		Debug|Any CPU = Debug|Any CPU
		Release|Any CPU = Release|Any CPU
	EndGlobalSection
	GlobalSection(ProjectConfigurationPlatforms) = postSolution
		{D4126348-F160-4EFD-89FC-25C09F716D44}.Debug|Any CPU.ActiveCfg = Debug|Any CPU
		{D4126348-F160-4EFD-89FC-25C09F716D44}.Debug|Any CPU.Build.0 = Debug|Any CPU
		{D4126348-F160-4EFD-89FC-25C09F716D44}.Release|Any CPU.ActiveCfg = Release|Any CPU
		{D4126348-F160-4EFD-89FC-25C09F716D44}.Release|Any CPU.Build.0 = Release|Any CPU
	EndGlobalSection
	GlobalSection(SolutionProperties) = preSolution
		HideSolutionNode = FALSE
	EndGlobalSection
	GlobalSection(ExtensibilityGlobals) = postSolution
		SolutionGuid = {59729411-0DAB-4B2B-9539-69FBED561942}
	EndGlobalSection
EndGlobal
