
Microsoft Visual Studio Solution File, Format Version 12.00
# Visual Studio Version 17
VisualStudioVersion = 17.14.36221.1
MinimumVisualStudioVersion = 10.0.40219.1
Project("{FAE04EC0-301F-11D3-BF4B-00C04F79EFBC}") = "Ricoh6502", "Ricoh6502\Ricoh6502.csproj", "{D4126348-F160-4EFD-89FC-25C09F716D44}"
EndProject
Project("{FAE04EC0-301F-11D3-BF4B-00C04F79EFBC}") = "Cartridge", "Cartridge\Cartridge.csproj", "{66E3119A-595B-4E85-8E84-F2D62CDC79F5}"
EndProject
Project("{FAE04EC0-301F-11D3-BF4B-00C04F79EFBC}") = "CpuTest", "CpuTest\CpuTest.csproj", "{C3F2204E-853D-4471-9809-8E92A49F48EC}"
EndProject
Project("{FAE04EC0-301F-11D3-BF4B-00C04F79EFBC}") = "Logger", "Logger\Logger.csproj", "{ABAE5E3B-3738-49E6-AA65-1DBEFB92428A}"
EndProject
Global
	GlobalSection(SolutionConfigurationPlatforms) = preSolution
		Debug|Any CPU = Debug|Any CPU
		Debug|x64 = Debug|x64
		Debug|x86 = Debug|x86
		Release|Any CPU = Release|Any CPU
		Release|x64 = Release|x64
		Release|x86 = Release|x86
	EndGlobalSection
	GlobalSection(ProjectConfigurationPlatforms) = postSolution
		{D4126348-F160-4EFD-89FC-25C09F716D44}.Debug|Any CPU.ActiveCfg = Debug|Any CPU
		{D4126348-F160-4EFD-89FC-25C09F716D44}.Debug|Any CPU.Build.0 = Debug|Any CPU
		{D4126348-F160-4EFD-89FC-25C09F716D44}.Debug|x64.ActiveCfg = Debug|Any CPU
		{D4126348-F160-4EFD-89FC-25C09F716D44}.Debug|x64.Build.0 = Debug|Any CPU
		{D4126348-F160-4EFD-89FC-25C09F716D44}.Debug|x86.ActiveCfg = Debug|Any CPU
		{D4126348-F160-4EFD-89FC-25C09F716D44}.Debug|x86.Build.0 = Debug|Any CPU
		{D4126348-F160-4EFD-89FC-25C09F716D44}.Release|Any CPU.ActiveCfg = Release|Any CPU
		{D4126348-F160-4EFD-89FC-25C09F716D44}.Release|Any CPU.Build.0 = Release|Any CPU
		{D4126348-F160-4EFD-89FC-25C09F716D44}.Release|x64.ActiveCfg = Release|Any CPU
		{D4126348-F160-4EFD-89FC-25C09F716D44}.Release|x64.Build.0 = Release|Any CPU
		{D4126348-F160-4EFD-89FC-25C09F716D44}.Release|x86.ActiveCfg = Release|Any CPU
		{D4126348-F160-4EFD-89FC-25C09F716D44}.Release|x86.Build.0 = Release|Any CPU
		{66E3119A-595B-4E85-8E84-F2D62CDC79F5}.Debug|Any CPU.ActiveCfg = Debug|Any CPU
		{66E3119A-595B-4E85-8E84-F2D62CDC79F5}.Debug|Any CPU.Build.0 = Debug|Any CPU
		{66E3119A-595B-4E85-8E84-F2D62CDC79F5}.Debug|x64.ActiveCfg = Debug|Any CPU
		{66E3119A-595B-4E85-8E84-F2D62CDC79F5}.Debug|x64.Build.0 = Debug|Any CPU
		{66E3119A-595B-4E85-8E84-F2D62CDC79F5}.Debug|x86.ActiveCfg = Debug|Any CPU
		{66E3119A-595B-4E85-8E84-F2D62CDC79F5}.Debug|x86.Build.0 = Debug|Any CPU
		{66E3119A-595B-4E85-8E84-F2D62CDC79F5}.Release|Any CPU.ActiveCfg = Release|Any CPU
		{66E3119A-595B-4E85-8E84-F2D62CDC79F5}.Release|Any CPU.Build.0 = Release|Any CPU
		{66E3119A-595B-4E85-8E84-F2D62CDC79F5}.Release|x64.ActiveCfg = Release|Any CPU
		{66E3119A-595B-4E85-8E84-F2D62CDC79F5}.Release|x64.Build.0 = Release|Any CPU
		{66E3119A-595B-4E85-8E84-F2D62CDC79F5}.Release|x86.ActiveCfg = Release|Any CPU
		{66E3119A-595B-4E85-8E84-F2D62CDC79F5}.Release|x86.Build.0 = Release|Any CPU
		{C3F2204E-853D-4471-9809-8E92A49F48EC}.Debug|Any CPU.ActiveCfg = Debug|Any CPU
		{C3F2204E-853D-4471-9809-8E92A49F48EC}.Debug|Any CPU.Build.0 = Debug|Any CPU
		{C3F2204E-853D-4471-9809-8E92A49F48EC}.Debug|x64.ActiveCfg = Debug|Any CPU
		{C3F2204E-853D-4471-9809-8E92A49F48EC}.Debug|x64.Build.0 = Debug|Any CPU
		{C3F2204E-853D-4471-9809-8E92A49F48EC}.Debug|x86.ActiveCfg = Debug|Any CPU
		{C3F2204E-853D-4471-9809-8E92A49F48EC}.Debug|x86.Build.0 = Debug|Any CPU
		{C3F2204E-853D-4471-9809-8E92A49F48EC}.Release|Any CPU.ActiveCfg = Release|Any CPU
		{C3F2204E-853D-4471-9809-8E92A49F48EC}.Release|Any CPU.Build.0 = Release|Any CPU
		{C3F2204E-853D-4471-9809-8E92A49F48EC}.Release|x64.ActiveCfg = Release|Any CPU
		{C3F2204E-853D-4471-9809-8E92A49F48EC}.Release|x64.Build.0 = Release|Any CPU
		{C3F2204E-853D-4471-9809-8E92A49F48EC}.Release|x86.ActiveCfg = Release|Any CPU
		{C3F2204E-853D-4471-9809-8E92A49F48EC}.Release|x86.Build.0 = Release|Any CPU
		{ABAE5E3B-3738-49E6-AA65-1DBEFB92428A}.Debug|Any CPU.ActiveCfg = Debug|Any CPU
		{ABAE5E3B-3738-49E6-AA65-1DBEFB92428A}.Debug|Any CPU.Build.0 = Debug|Any CPU
		{ABAE5E3B-3738-49E6-AA65-1DBEFB92428A}.Debug|x64.ActiveCfg = Debug|Any CPU
		{ABAE5E3B-3738-49E6-AA65-1DBEFB92428A}.Debug|x64.Build.0 = Debug|Any CPU
		{ABAE5E3B-3738-49E6-AA65-1DBEFB92428A}.Debug|x86.ActiveCfg = Debug|Any CPU
		{ABAE5E3B-3738-49E6-AA65-1DBEFB92428A}.Debug|x86.Build.0 = Debug|Any CPU
		{ABAE5E3B-3738-49E6-AA65-1DBEFB92428A}.Release|Any CPU.ActiveCfg = Release|Any CPU
		{ABAE5E3B-3738-49E6-AA65-1DBEFB92428A}.Release|Any CPU.Build.0 = Release|Any CPU
		{ABAE5E3B-3738-49E6-AA65-1DBEFB92428A}.Release|x64.ActiveCfg = Release|Any CPU
		{ABAE5E3B-3738-49E6-AA65-1DBEFB92428A}.Release|x64.Build.0 = Release|Any CPU
		{ABAE5E3B-3738-49E6-AA65-1DBEFB92428A}.Release|x86.ActiveCfg = Release|Any CPU
		{ABAE5E3B-3738-49E6-AA65-1DBEFB92428A}.Release|x86.Build.0 = Release|Any CPU
	EndGlobalSection
	GlobalSection(SolutionProperties) = preSolution
		HideSolutionNode = FALSE
	EndGlobalSection
	GlobalSection(ExtensibilityGlobals) = postSolution
		SolutionGuid = {59729411-0DAB-4B2B-9539-69FBED561942}
	EndGlobalSection
EndGlobal
